// !$*UTF8*$!
{
	archiveVersion = 1;
	classes = {
	};
	objectVersion = 50;
	objects = {

/* Begin PBXBuildFile section */
		AE0498CCDF6A40E314C46ED7 /* Pods_TestX123.framework in Frameworks */ = {isa = PBXBuildFile; fileRef = A90DC5ECB9EF7155D7BF2F0D /* Pods_TestX123.framework */; };
		DD105FF22338A702001EC420 /* AppDelegate.swift in Sources */ = {isa = PBXBuildFile; fileRef = DD105FF12338A702001EC420 /* AppDelegate.swift */; };
		DD105FF42338A702001EC420 /* ViewController.swift in Sources */ = {isa = PBXBuildFile; fileRef = DD105FF32338A702001EC420 /* ViewController.swift */; };
		DD105FF72338A702001EC420 /* Main.storyboard in Resources */ = {isa = PBXBuildFile; fileRef = DD105FF52338A702001EC420 /* Main.storyboard */; };
		DD105FF92338A702001EC420 /* Assets.xcassets in Resources */ = {isa = PBXBuildFile; fileRef = DD105FF82338A702001EC420 /* Assets.xcassets */; };
		DD105FFC2338A702001EC420 /* LaunchScreen.storyboard in Resources */ = {isa = PBXBuildFile; fileRef = DD105FFA2338A702001EC420 /* LaunchScreen.storyboard */; };
/* End PBXBuildFile section */

/* Begin PBXFileReference section */
		64391F47C9D2C8AB2B642400 /* Pods-TestX123.debug.xcconfig */ = {isa = PBXFileReference; includeInIndex = 1; lastKnownFileType = text.xcconfig; name = "Pods-TestX123.debug.xcconfig"; path = "Target Support Files/Pods-TestX123/Pods-TestX123.debug.xcconfig"; sourceTree = "<group>"; };
		86F930110E76A594995DD374 /* Pods-TestX123.release.xcconfig */ = {isa = PBXFileReference; includeInIndex = 1; lastKnownFileType = text.xcconfig; name = "Pods-TestX123.release.xcconfig"; path = "Target Support Files/Pods-TestX123/Pods-TestX123.release.xcconfig"; sourceTree = "<group>"; };
		A90DC5ECB9EF7155D7BF2F0D /* Pods_TestX123.framework */ = {isa = PBXFileReference; explicitFileType = wrapper.framework; includeInIndex = 0; path = Pods_TestX123.framework; sourceTree = BUILT_PRODUCTS_DIR; };
		DD105FEE2338A702001EC420 /* TestX123.app */ = {isa = PBXFileReference; explicitFileType = wrapper.application; includeInIndex = 0; path = TestX123.app; sourceTree = BUILT_PRODUCTS_DIR; };
		DD105FF12338A702001EC420 /* AppDelegate.swift */ = {isa = PBXFileReference; lastKnownFileType = sourcecode.swift; path = AppDelegate.swift; sourceTree = "<group>"; };
		DD105FF32338A702001EC420 /* ViewController.swift */ = {isa = PBXFileReference; lastKnownFileType = sourcecode.swift; path = ViewController.swift; sourceTree = "<group>"; };
		DD105FF62338A702001EC420 /* Base */ = {isa = PBXFileReference; lastKnownFileType = file.storyboard; name = Base; path = Base.lproj/Main.storyboard; sourceTree = "<group>"; };
		DD105FF82338A702001EC420 /* Assets.xcassets */ = {isa = PBXFileReference; lastKnownFileType = folder.assetcatalog; path = Assets.xcassets; sourceTree = "<group>"; };
		DD105FFB2338A702001EC420 /* Base */ = {isa = PBXFileReference; lastKnownFileType = file.storyboard; name = Base; path = Base.lproj/LaunchScreen.storyboard; sourceTree = "<group>"; };
		DD105FFD2338A702001EC420 /* Info.plist */ = {isa = PBXFileReference; lastKnownFileType = text.plist.xml; path = Info.plist; sourceTree = "<group>"; };
/* End PBXFileReference section */

/* Begin PBXFrameworksBuildPhase section */
		DD105FEB2338A702001EC420 /* Frameworks */ = {
			isa = PBXFrameworksBuildPhase;
			buildActionMask = 2147483647;
			files = (
				AE0498CCDF6A40E314C46ED7 /* Pods_TestX123.framework in Frameworks */,
			);
			runOnlyForDeploymentPostprocessing = 0;
		};
/* End PBXFrameworksBuildPhase section */

/* Begin PBXGroup section */
		CF0AD6818F8557DB3C241EB0 /* Frameworks */ = {
			isa = PBXGroup;
			children = (
				A90DC5ECB9EF7155D7BF2F0D /* Pods_TestX123.framework */,
			);
			name = Frameworks;
			sourceTree = "<group>";
		};
		DD105FE52338A702001EC420 = {
			isa = PBXGroup;
			children = (
				DD105FF02338A702001EC420 /* TestX123 */,
				DD105FEF2338A702001EC420 /* Products */,
				E5C1A55C013E62B6B9AAD90E /* Pods */,
				CF0AD6818F8557DB3C241EB0 /* Frameworks */,
			);
			sourceTree = "<group>";
		};
		DD105FEF2338A702001EC420 /* Products */ = {
			isa = PBXGroup;
			children = (
				DD105FEE2338A702001EC420 /* TestX123.app */,
			);
			name = Products;
			sourceTree = "<group>";
		};
		DD105FF02338A702001EC420 /* TestX123 */ = {
			isa = PBXGroup;
			children = (
				DD105FF12338A702001EC420 /* AppDelegate.swift */,
				DD105FF32338A702001EC420 /* ViewController.swift */,
				DD105FF52338A702001EC420 /* Main.storyboard */,
				DD105FF82338A702001EC420 /* Assets.xcassets */,
				DD105FFA2338A702001EC420 /* LaunchScreen.storyboard */,
				DD105FFD2338A702001EC420 /* Info.plist */,
			);
			path = TestX123;
			sourceTree = "<group>";
		};
		E5C1A55C013E62B6B9AAD90E /* Pods */ = {
			isa = PBXGroup;
			children = (
				64391F47C9D2C8AB2B642400 /* Pods-TestX123.debug.xcconfig */,
				86F930110E76A594995DD374 /* Pods-TestX123.release.xcconfig */,
			);
			path = Pods;
			sourceTree = "<group>";
		};
/* End PBXGroup section */

/* Begin PBXNativeTarget section */
		DD105FED2338A702001EC420 /* TestX123 */ = {
			isa = PBXNativeTarget;
			buildConfigurationList = DD1060002338A702001EC420 /* Build configuration list for PBXNativeTarget "TestX123" */;
			buildPhases = (
				2B2492AB611CA185CDB178A8 /* [CP] Check Pods Manifest.lock */,
				DD105FEA2338A702001EC420 /* Sources */,
				DD105FEB2338A702001EC420 /* Frameworks */,
				DD105FEC2338A702001EC420 /* Resources */,
			);
			buildRules = (
			);
			dependencies = (
			);
			name = TestX123;
			productName = TestX123;
			productReference = DD105FEE2338A702001EC420 /* TestX123.app */;
			productType = "com.apple.product-type.application";
		};
/* End PBXNativeTarget section */

/* Begin PBXProject section */
		DD105FE62338A702001EC420 /* Project object */ = {
			isa = PBXProject;
			attributes = {
				LastSwiftUpdateCheck = 1020;
				LastUpgradeCheck = 1020;
				ORGANIZATIONNAME = lidong;
				TargetAttributes = {
					DD105FED2338A702001EC420 = {
						CreatedOnToolsVersion = 10.2.1;
					};
				};
			};
			buildConfigurationList = DD105FE92338A702001EC420 /* Build configuration list for PBXProject "TestX123" */;
			compatibilityVersion = "Xcode 9.3";
			developmentRegion = en;
			hasScannedForEncodings = 0;
			knownRegions = (
				en,
				Base,
			);
			mainGroup = DD105FE52338A702001EC420;
			productRefGroup = DD105FEF2338A702001EC420 /* Products */;
			projectDirPath = "";
			projectRoot = "";
			targets = (
				DD105FED2338A702001EC420 /* TestX123 */,
			);
		};
/* End PBXProject section */

/* Begin PBXResourcesBuildPhase section */
		DD105FEC2338A702001EC420 /* Resources */ = {
			isa = PBXResourcesBuildPhase;
			buildActionMask = 2147483647;
			files = (
				DD105FFC2338A702001EC420 /* LaunchScreen.storyboard in Resources */,
				DD105FF92338A702001EC420 /* Assets.xcassets in Resources */,
				DD105FF72338A702001EC420 /* Main.storyboard in Resources */,
			);
			runOnlyForDeploymentPostprocessing = 0;
		};
/* End PBXResourcesBuildPhase section */

/* Begin PBXShellScriptBuildPhase section */
		2B2492AB611CA185CDB178A8 /* [CP] Check Pods Manifest.lock */ = {
			isa = PBXShellScriptBuildPhase;
			buildActionMask = 2147483647;
			files = (
			);
			inputFileListPaths = (
			);
			inputPaths = (
				"${PODS_PODFILE_DIR_PATH}/Podfile.lock",
				"${PODS_ROOT}/Manifest.lock",
			);
			name = "[CP] Check Pods Manifest.lock";
			outputFileListPaths = (
			);
			outputPaths = (
				"$(DERIVED_FILE_DIR)/Pods-TestX123-checkManifestLockResult.txt",
			);
			runOnlyForDeploymentPostprocessing = 0;
			shellPath = /bin/sh;
			shellScript = "diff \"${PODS_PODFILE_DIR_PATH}/Podfile.lock\" \"${PODS_ROOT}/Manifest.lock\" > /dev/null\nif [ $? != 0 ] ; then\n    # print error to STDERR\n    echo \"error: The sandbox is not in sync with the Podfile.lock. Run 'pod install' or update your CocoaPods installation.\" >&2\n    exit 1\nfi\n# This output is used by Xcode 'outputs' to avoid re-running this script phase.\necho \"SUCCESS\" > \"${SCRIPT_OUTPUT_FILE_0}\"\n";
			showEnvVarsInLog = 0;
		};
/* End PBXShellScriptBuildPhase section */

/* Begin PBXSourcesBuildPhase section */
		DD105FEA2338A702001EC420 /* Sources */ = {
			isa = PBXSourcesBuildPhase;
			buildActionMask = 2147483647;
			files = (
				DD105FF42338A702001EC420 /* ViewController.swift in Sources */,
				DD105FF22338A702001EC420 /* AppDelegate.swift in Sources */,
			);
			runOnlyForDeploymentPostprocessing = 0;
		};
/* End PBXSourcesBuildPhase section */

/* Begin PBXVariantGroup section */
		DD105FF52338A702001EC420 /* Main.storyboard */ = {
			isa = PBXVariantGroup;
			children = (
				DD105FF62338A702001EC420 /* Base */,
			);
			name = Main.storyboard;
			sourceTree = "<group>";
		};
		DD105FFA2338A702001EC420 /* LaunchScreen.storyboard */ = {
			isa = PBXVariantGroup;
			children = (
				DD105FFB2338A702001EC420 /* Base */,
			);
			name = LaunchScreen.storyboard;
			sourceTree = "<group>";
		};
/* End PBXVariantGroup section */

/* Begin XCBuildConfiguration section */
		DD105FFE2338A702001EC420 /* Debug */ = {
			isa = XCBuildConfiguration;
			buildSettings = {
				ALWAYS_SEARCH_USER_PATHS = NO;
				CLANG_ANALYZER_NONNULL = YES;
				CLANG_ANALYZER_NUMBER_OBJECT_CONVERSION = YES_AGGRESSIVE;
				CLANG_CXX_LANGUAGE_STANDARD = "gnu++14";
				CLANG_CXX_LIBRARY = "libc++";
				CLANG_ENABLE_MODULES = YES;
				CLANG_ENABLE_OBJC_ARC = YES;
				CLANG_ENABLE_OBJC_WEAK = YES;
				CLANG_WARN_BLOCK_CAPTURE_AUTORELEASING = YES;
				CLANG_WARN_BOOL_CONVERSION = YES;
				CLANG_WARN_COMMA = YES;
				CLANG_WARN_CONSTANT_CONVERSION = YES;
				CLANG_WARN_DEPRECATED_OBJC_IMPLEMENTATIONS = YES;
				CLANG_WARN_DIRECT_OBJC_ISA_USAGE = YES_ERROR;
				CLANG_WARN_DOCUMENTATION_COMMENTS = YES;
				CLANG_WARN_EMPTY_BODY = YES;
				CLANG_WARN_ENUM_CONVERSION = YES;
				CLANG_WARN_INFINITE_RECURSION = YES;
				CLANG_WARN_INT_CONVERSION = YES;
				CLANG_WARN_NON_LITERAL_NULL_CONVERSION = YES;
				CLANG_WARN_OBJC_IMPLICIT_RETAIN_SELF = YES;
				CLANG_WARN_OBJC_LITERAL_CONVERSION = YES;
				CLANG_WARN_OBJC_ROOT_CLASS = YES_ERROR;
				CLANG_WARN_RANGE_LOOP_ANALYSIS = YES;
				CLANG_WARN_STRICT_PROTOTYPES = YES;
				CLANG_WARN_SUSPICIOUS_MOVE = YES;
				CLANG_WARN_UNGUARDED_AVAILABILITY = YES_AGGRESSIVE;
				CLANG_WARN_UNREACHABLE_CODE = YES;
				CLANG_WARN__DUPLICATE_METHOD_MATCH = YES;
				CODE_SIGN_IDENTITY = "iPhone Developer";
				COPY_PHASE_STRIP = NO;
				DEBUG_INFORMATION_FORMAT = dwarf;
				ENABLE_STRICT_OBJC_MSGSEND = YES;
				ENABLE_TESTABILITY = YES;
				GCC_C_LANGUAGE_STANDARD = gnu11;
				GCC_DYNAMIC_NO_PIC = NO;
				GCC_NO_COMMON_BLOCKS = YES;
				GCC_OPTIMIZATION_LEVEL = 0;
				GCC_PREPROCESSOR_DEFINITIONS = (
					"DEBUG=1",
					"$(inherited)",
				);
				GCC_WARN_64_TO_32_BIT_CONVERSION = YES;
				GCC_WARN_ABOUT_RETURN_TYPE = YES_ERROR;
				GCC_WARN_UNDECLARED_SELECTOR = YES;
				GCC_WARN_UNINITIALIZED_AUTOS = YES_AGGRESSIVE;
				GCC_WARN_UNUSED_FUNCTION = YES;
				GCC_WARN_UNUSED_VARIABLE = YES;
				IPHONEOS_DEPLOYMENT_TARGET = 12.2;
				MTL_ENABLE_DEBUG_INFO = INCLUDE_SOURCE;
				MTL_FAST_MATH = YES;
				ONLY_ACTIVE_ARCH = YES;
				SDKROOT = iphoneos;
				SWIFT_ACTIVE_COMPILATION_CONDITIONS = DEBUG;
				SWIFT_OPTIMIZATION_LEVEL = "-Onone";
			};
			name = Debug;
		};
		DD105FFF2338A702001EC420 /* Release */ = {
			isa = XCBuildConfiguration;
			buildSettings = {
				ALWAYS_SEARCH_USER_PATHS = NO;
				CLANG_ANALYZER_NONNULL = YES;
				CLANG_ANALYZER_NUMBER_OBJECT_CONVERSION = YES_AGGRESSIVE;
				CLANG_CXX_LANGUAGE_STANDARD = "gnu++14";
				CLANG_CXX_LIBRARY = "libc++";
				CLANG_ENABLE_MODULES = YES;
				CLANG_ENABLE_OBJC_ARC = YES;
				CLANG_ENABLE_OBJC_WEAK = YES;
				CLANG_WARN_BLOCK_CAPTURE_AUTORELEASING = YES;
				CLANG_WARN_BOOL_CONVERSION = YES;
				CLANG_WARN_COMMA = YES;
				CLANG_WARN_CONSTANT_CONVERSION = YES;
				CLANG_WARN_DEPRECATED_OBJC_IMPLEMENTATIONS = YES;
				CLANG_WARN_DIRECT_OBJC_ISA_USAGE = YES_ERROR;
				CLANG_WARN_DOCUMENTATION_COMMENTS = YES;
				CLANG_WARN_EMPTY_BODY = YES;
				CLANG_WARN_ENUM_CONVERSION = YES;
				CLANG_WARN_INFINITE_RECURSION = YES;
				CLANG_WARN_INT_CONVERSION = YES;
				CLANG_WARN_NON_LITERAL_NULL_CONVERSION = YES;
				CLANG_WARN_OBJC_IMPLICIT_RETAIN_SELF = YES;
				CLANG_WARN_OBJC_LITERAL_CONVERSION = YES;
				CLANG_WARN_OBJC_ROOT_CLASS = YES_ERROR;
				CLANG_WARN_RANGE_LOOP_ANALYSIS = YES;
				CLANG_WARN_STRICT_PROTOTYPES = YES;
				CLANG_WARN_SUSPICIOUS_MOVE = YES;
				CLANG_WARN_UNGUARDED_AVAILABILITY = YES_AGGRESSIVE;
				CLANG_WARN_UNREACHABLE_CODE = YES;
				CLANG_WARN__DUPLICATE_METHOD_MATCH = YES;
				CODE_SIGN_IDENTITY = "iPhone Developer";
				COPY_PHASE_STRIP = NO;
				DEBUG_INFORMATION_FORMAT = "dwarf-with-dsym";
				ENABLE_NS_ASSERTIONS = NO;
				ENABLE_STRICT_OBJC_MSGSEND = YES;
				GCC_C_LANGUAGE_STANDARD = gnu11;
				GCC_NO_COMMON_BLOCKS = YES;
				GCC_WARN_64_TO_32_BIT_CONVERSION = YES;
				GCC_WARN_ABOUT_RETURN_TYPE = YES_ERROR;
				GCC_WARN_UNDECLARED_SELECTOR = YES;
				GCC_WARN_UNINITIALIZED_AUTOS = YES_AGGRESSIVE;
				GCC_WARN_UNUSED_FUNCTION = YES;
				GCC_WARN_UNUSED_VARIABLE = YES;
				IPHONEOS_DEPLOYMENT_TARGET = 12.2;
				MTL_ENABLE_DEBUG_INFO = NO;
				MTL_FAST_MATH = YES;
				SDKROOT = iphoneos;
				SWIFT_COMPILATION_MODE = wholemodule;
				SWIFT_OPTIMIZATION_LEVEL = "-O";
				VALIDATE_PRODUCT = YES;
			};
			name = Release;
		};
		DD1060012338A702001EC420 /* Debug */ = {
			isa = XCBuildConfiguration;
			baseConfigurationReference = 64391F47C9D2C8AB2B642400 /* Pods-TestX123.debug.xcconfig */;
			buildSettings = {
				ASSETCATALOG_COMPILER_APPICON_NAME = AppIcon;
				CODE_SIGN_STYLE = Manual;
				DEVELOPMENT_TEAM = T8D3DHW53C;
				INFOPLIST_FILE = TestX123/Info.plist;
				IPHONEOS_DEPLOYMENT_TARGET = 10.0;
				LD_RUNPATH_SEARCH_PATHS = (
					"$(inherited)",
					"@executable_path/Frameworks",
				);
				PRODUCT_BUNDLE_IDENTIFIER = com.oneothergame.yoga.fitness.workouts.beginners;
				PRODUCT_NAME = "$(TARGET_NAME)";
				PROVISIONING_PROFILE_SPECIFIER = "OOG200 Push Dev2";
				SWIFT_VERSION = 5.0;
				TARGETED_DEVICE_FAMILY = "1,2";
			};
			name = Debug;
		};
		DD1060022338A702001EC420 /* Release */ = {
			isa = XCBuildConfiguration;
			baseConfigurationReference = 86F930110E76A594995DD374 /* Pods-TestX123.release.xcconfig */;
			buildSettings = {
				ASSETCATALOG_COMPILER_APPICON_NAME = AppIcon;
				CODE_SIGN_STYLE = Manual;
				DEVELOPMENT_TEAM = T8D3DHW53C;
				INFOPLIST_FILE = TestX123/Info.plist;
				IPHONEOS_DEPLOYMENT_TARGET = 10.0;
				LD_RUNPATH_SEARCH_PATHS = (
					"$(inherited)",
					"@executable_path/Frameworks",
				);
				PRODUCT_BUNDLE_IDENTIFIER = com.oneothergame.yoga.fitness.workouts.beginners;
				PRODUCT_NAME = "$(TARGET_NAME)";
				PROVISIONING_PROFILE_SPECIFIER = "OOG200 Push Dev2";
				SWIFT_VERSION = 5.0;
				TARGETED_DEVICE_FAMILY = "1,2";
			};
			name = Release;
		};
/* End XCBuildConfiguration section */

/* Begin XCConfigurationList section */
		DD105FE92338A702001EC420 /* Build configuration list for PBXProject "TestX123" */ = {
			isa = XCConfigurationList;
			buildConfigurations = (
				DD105FFE2338A702001EC420 /* Debug */,
				DD105FFF2338A702001EC420 /* Release */,
			);
			defaultConfigurationIsVisible = 0;
			defaultConfigurationName = Release;
		};
		DD1060002338A702001EC420 /* Build configuration list for PBXNativeTarget "TestX123" */ = {
			isa = XCConfigurationList;
			buildConfigurations = (
				DD1060012338A702001EC420 /* Debug */,
				DD1060022338A702001EC420 /* Release */,
			);
			defaultConfigurationIsVisible = 0;
			defaultConfigurationName = Release;
		};
/* End XCConfigurationList section */
	};
	rootObject = DD105FE62338A702001EC420 /* Project object */;
}
